
Microsoft Visual Studio Solution File, Format Version 11.00
# Visual Studio 2010
Project("{FAE04EC0-301F-11D3-BF4B-00C04F79EFBC}") = "Microsoft.MixedReality.Toolkit.SDK", "Microsoft.MixedReality.Toolkit.SDK.csproj", "{8337BA1B-72FB-845A-3370-10267EBE484E}"
EndProject
Project("{FAE04EC0-301F-11D3-BF4B-00C04F79EFBC}") = "Microsoft.MixedReality.Toolkit.Providers.OpenVR", "Microsoft.MixedReality.Toolkit.Providers.OpenVR.csproj", "{DD19BC32-37AF-A261-C8FC-C196B2791044}"
EndProject
Project("{FAE04EC0-301F-11D3-BF4B-00C04F79EFBC}") = "Microsoft.MixedReality.Toolkit.Examples", "Microsoft.MixedReality.Toolkit.Examples.csproj", "{01A080BF-114C-E866-94B6-0AE073C2C170}"
EndProject
Project("{FAE04EC0-301F-11D3-BF4B-00C04F79EFBC}") = "Microsoft.MixedReality.Toolkit", "Microsoft.MixedReality.Toolkit.csproj", "{87D4B3D0-F844-2E52-6FE1-F1C6BBE8C8AB}"
EndProject
Project("{FAE04EC0-301F-11D3-BF4B-00C04F79EFBC}") = "PhotonUnityNetworking.Demos", "PhotonUnityNetworking.Demos.csproj", "{E93AB66C-C814-C6CC-7493-40BAF5329637}"
EndProject
Project("{FAE04EC0-301F-11D3-BF4B-00C04F79EFBC}") = "PhotonUnityNetworking.Utilities", "PhotonUnityNetworking.Utilities.csproj", "{5FD8C27A-F58D-B348-B2F8-3F58577A9A06}"
EndProject
Project("{FAE04EC0-301F-11D3-BF4B-00C04F79EFBC}") = "Microsoft.MixedReality.Toolkit.Services.SpatialAwarenessSystem", "Microsoft.MixedReality.Toolkit.Services.SpatialAwarenessSystem.csproj", "{74957A90-9839-6402-7984-F75D37CDEFC2}"
EndProject
Project("{FAE04EC0-301F-11D3-BF4B-00C04F79EFBC}") = "Assembly-CSharp", "Assembly-CSharp.csproj", "{A9DE201D-8F95-44AA-5C0E-B2FEB88E7FF0}"
EndProject
Project("{FAE04EC0-301F-11D3-BF4B-00C04F79EFBC}") = "Microsoft.MixedReality.Toolkit.Providers.XRSDK", "Microsoft.MixedReality.Toolkit.Providers.XRSDK.csproj", "{4649FB91-8258-3CE4-C539-9DBC262D570B}"
EndProject
Project("{FAE04EC0-301F-11D3-BF4B-00C04F79EFBC}") = "PhotonChat", "PhotonChat.csproj", "{2D4989FC-4B44-A648-CBA2-F9036F7A87E4}"
EndProject
Project("{FAE04EC0-301F-11D3-BF4B-00C04F79EFBC}") = "Microsoft.MixedReality.Toolkit.Services.InputAnimation", "Microsoft.MixedReality.Toolkit.Services.InputAnimation.csproj", "{CD1089CA-CEEA-0AB5-80F5-C5860E29FA30}"
EndProject
Project("{FAE04EC0-301F-11D3-BF4B-00C04F79EFBC}") = "Microsoft.MixedReality.Toolkit.Gltf", "Microsoft.MixedReality.Toolkit.Gltf.csproj", "{98F6853E-D4A9-5EDA-FDFB-6B096096059D}"
EndProject
Project("{FAE04EC0-301F-11D3-BF4B-00C04F79EFBC}") = "Microsoft.MixedReality.Toolkit.Providers.XRSDK.Oculus", "Microsoft.MixedReality.Toolkit.Providers.XRSDK.Oculus.csproj", "{8B7841BB-38F5-D785-2E7B-A79BBD52E791}"
EndProject
Project("{FAE04EC0-301F-11D3-BF4B-00C04F79EFBC}") = "Microsoft.MixedReality.Toolkit.Services.SceneSystem", "Microsoft.MixedReality.Toolkit.Services.SceneSystem.csproj", "{932897CD-E40E-1CA6-5B18-CFD7E9C0E306}"
EndProject
Project("{FAE04EC0-301F-11D3-BF4B-00C04F79EFBC}") = "Microsoft.MixedReality.Toolkit.Services.InputSystem", "Microsoft.MixedReality.Toolkit.Services.InputSystem.csproj", "{8766AA88-C44B-EE35-B01B-46E7449217E7}"
EndProject
Project("{FAE04EC0-301F-11D3-BF4B-00C04F79EFBC}") = "PhotonUnityNetworking", "PhotonUnityNetworking.csproj", "{4890C253-0944-3DA1-8983-6C6E0A98375F}"
EndProject
Project("{FAE04EC0-301F-11D3-BF4B-00C04F79EFBC}") = "Microsoft.MixedReality.Toolkit.Providers.LeapMotion", "Microsoft.MixedReality.Toolkit.Providers.LeapMotion.csproj", "{AA57CC05-01D1-FB4A-0E93-2882989E5B21}"
EndProject
Project("{FAE04EC0-301F-11D3-BF4B-00C04F79EFBC}") = "Microsoft.MixedReality.Toolkit.Services.InputSimulation", "Microsoft.MixedReality.Toolkit.Services.InputSimulation.csproj", "{8D07EEC0-2E39-168B-DBB5-6243E8A3B03C}"
EndProject
Project("{FAE04EC0-301F-11D3-BF4B-00C04F79EFBC}") = "Microsoft.MixedReality.Toolkit.Tests.PlayModeTests", "Microsoft.MixedReality.Toolkit.Tests.PlayModeTests.csproj", "{9306F300-84E1-9959-36FE-A83D36CE523A}"
EndProject
Project("{FAE04EC0-301F-11D3-BF4B-00C04F79EFBC}") = "Microsoft.MixedReality.Toolkit.Providers.XRSDK.WindowsMixedReality", "Microsoft.MixedReality.Toolkit.Providers.XRSDK.WindowsMixedReality.csproj", "{C6F003B2-48A5-22EC-FACD-1A94006DE736}"
EndProject
Project("{FAE04EC0-301F-11D3-BF4B-00C04F79EFBC}") = "PhotonRealtime", "PhotonRealtime.csproj", "{4D014467-B284-0862-4FD1-762329876A41}"
EndProject
Project("{FAE04EC0-301F-11D3-BF4B-00C04F79EFBC}") = "Microsoft.MixedReality.Toolkit.Demos.Audio", "Microsoft.MixedReality.Toolkit.Demos.Audio.csproj", "{9676E0B8-ABC8-5D78-4BEB-3368835B1589}"
EndProject
Project("{FAE04EC0-301F-11D3-BF4B-00C04F79EFBC}") = "Microsoft.MixedReality.Toolkit.Extensions.SceneTransitionService", "Microsoft.MixedReality.Toolkit.Extensions.SceneTransitionService.csproj", "{13220DE3-843C-3499-ED35-8ED55B1B3181}"
EndProject
Project("{FAE04EC0-301F-11D3-BF4B-00C04F79EFBC}") = "Microsoft.MixedReality.Toolkit.Providers.WindowsMixedReality.Shared", "Microsoft.MixedReality.Toolkit.Providers.WindowsMixedReality.Shared.csproj", "{B05BF1CC-A369-36DE-5853-34A8E83AB1DA}"
EndProject
Project("{FAE04EC0-301F-11D3-BF4B-00C04F79EFBC}") = "Microsoft.MixedReality.Toolkit.SDK.Experimental.Interactive", "Microsoft.MixedReality.Toolkit.SDK.Experimental.Interactive.csproj", "{DBB52DF0-1FCA-DC54-6AF2-C5EBE205B26E}"
EndProject
Project("{FAE04EC0-301F-11D3-BF4B-00C04F79EFBC}") = "Microsoft.MixedReality.Toolkit.Providers.UnityAR", "Microsoft.MixedReality.Toolkit.Providers.UnityAR.csproj", "{6A065C75-229A-72B4-B64A-8F6DF2CD9FFA}"
EndProject
Project("{FAE04EC0-301F-11D3-BF4B-00C04F79EFBC}") = "Microsoft.MixedReality.Toolkit.Extensions.Tracking", "Microsoft.MixedReality.Toolkit.Extensions.Tracking.csproj", "{650E4DB8-A5D1-9525-546F-C0540E009A4C}"
EndProject
Project("{FAE04EC0-301F-11D3-BF4B-00C04F79EFBC}") = "Microsoft.MixedReality.Toolkit.Services.DiagnosticsSystem", "Microsoft.MixedReality.Toolkit.Services.DiagnosticsSystem.csproj", "{AFDFDD4C-062E-22FF-BF46-92911EBF2EFE}"
EndProject
Project("{FAE04EC0-301F-11D3-BF4B-00C04F79EFBC}") = "Microsoft.MixedReality.Toolkit.Tools.Runtime", "Microsoft.MixedReality.Toolkit.Tools.Runtime.csproj", "{EB9E56F9-5AED-B137-99F9-85FE9174367F}"
EndProject
Project("{FAE04EC0-301F-11D3-BF4B-00C04F79EFBC}") = "Microsoft.MixedReality.Toolkit.Demos.InspectorFields", "Microsoft.MixedReality.Toolkit.Demos.InspectorFields.csproj", "{5E92B5F3-EE2E-BEA5-02B4-9D9DE3B74960}"
EndProject
Project("{FAE04EC0-301F-11D3-BF4B-00C04F79EFBC}") = "Microsoft.MixedReality.Toolkit.Extensions.HandPhysics", "Microsoft.MixedReality.Toolkit.Extensions.HandPhysics.csproj", "{17CC157C-A4A9-B034-3A5E-8619012FB6FE}"
EndProject
Project("{FAE04EC0-301F-11D3-BF4B-00C04F79EFBC}") = "Microsoft.MixedReality.Toolkit.Async", "Microsoft.MixedReality.Toolkit.Async.csproj", "{D969873D-3386-762C-ADA1-637BA6AEC17F}"
EndProject
Project("{FAE04EC0-301F-11D3-BF4B-00C04F79EFBC}") = "Microsoft.MixedReality.Toolkit.Providers.WindowsMixedReality", "Microsoft.MixedReality.Toolkit.Providers.WindowsMixedReality.csproj", "{497FFF7A-82AC-E399-0B42-8249269AB658}"
EndProject
Project("{FAE04EC0-301F-11D3-BF4B-00C04F79EFBC}") = "Microsoft.MixedReality.Toolkit.Demos.Gltf", "Microsoft.MixedReality.Toolkit.Demos.Gltf.csproj", "{C8A9D790-18A1-1D6B-017F-F01294937458}"
EndProject
Project("{FAE04EC0-301F-11D3-BF4B-00C04F79EFBC}") = "Microsoft.MixedReality.Toolkit.Providers.WindowsSceneUnderstanding", "Microsoft.MixedReality.Toolkit.Providers.WindowsSceneUnderstanding.csproj", "{034F2BD1-16E2-6B13-08F0-5BBABE2ED852}"
EndProject
Project("{FAE04EC0-301F-11D3-BF4B-00C04F79EFBC}") = "Microsoft.MixedReality.Toolkit.Providers.WindowsVoiceInput", "Microsoft.MixedReality.Toolkit.Providers.WindowsVoiceInput.csproj", "{DB7316A6-B9D5-2CBA-E7BA-EC0A91D60DC2}"
EndProject
Project("{FAE04EC0-301F-11D3-BF4B-00C04F79EFBC}") = "Microsoft.MixedReality.Toolkit.Tests.Utilities", "Microsoft.MixedReality.Toolkit.Tests.Utilities.csproj", "{63D00E73-FDFF-4CF0-5070-9C94AFD06E55}"
EndProject
Project("{FAE04EC0-301F-11D3-BF4B-00C04F79EFBC}") = "Microsoft.MixedReality.Toolkit.Services.TeleportSystem", "Microsoft.MixedReality.Toolkit.Services.TeleportSystem.csproj", "{A1AE082F-CB5B-7DBD-B82E-CF91B969C1F7}"
EndProject
Project("{FAE04EC0-301F-11D3-BF4B-00C04F79EFBC}") = "Microsoft.MixedReality.Toolkit.Services.CameraSystem", "Microsoft.MixedReality.Toolkit.Services.CameraSystem.csproj", "{83E0BDC7-7028-B785-430E-D005CD8A8468}"
EndProject
Project("{FAE04EC0-301F-11D3-BF4B-00C04F79EFBC}") = "Microsoft.MixedReality.Toolkit.Demos.UX.Interactables", "Microsoft.MixedReality.Toolkit.Demos.UX.Interactables.csproj", "{72E5617A-945E-9FB8-7062-949AAFD4975B}"
EndProject
Project("{FAE04EC0-301F-11D3-BF4B-00C04F79EFBC}") = "Microsoft.MixedReality.Toolkit.Services.BoundarySystem", "Microsoft.MixedReality.Toolkit.Services.BoundarySystem.csproj", "{4C3692C4-8F86-FBE4-1ED7-C1386875E604}"
EndProject
Project("{FAE04EC0-301F-11D3-BF4B-00C04F79EFBC}") = "Microsoft.MixedReality.Toolkit.SDK.Editor", "Microsoft.MixedReality.Toolkit.SDK.Editor.csproj", "{EA577B30-B301-76CE-7B79-8121B35FC794}"
EndProject
Project("{FAE04EC0-301F-11D3-BF4B-00C04F79EFBC}") = "Microsoft.MixedReality.Toolkit.Editor.Inspectors", "Microsoft.MixedReality.Toolkit.Editor.Inspectors.csproj", "{C1D2B6A9-9B9B-E065-8E0A-E6DB1341760A}"
EndProject
Project("{FAE04EC0-301F-11D3-BF4B-00C04F79EFBC}") = "Microsoft.MixedReality.Toolkit.Editor.ServiceInspectors", "Microsoft.MixedReality.Toolkit.Editor.ServiceInspectors.csproj", "{DB8DEA5E-3B9F-D4C6-4DFF-11A8BAA0B8E2}"
EndProject
Project("{FAE04EC0-301F-11D3-BF4B-00C04F79EFBC}") = "Microsoft.MixedReality.Toolkit.Tests.EditModeTests", "Microsoft.MixedReality.Toolkit.Tests.EditModeTests.csproj", "{B1D2DC3E-FEDA-2D4F-9DC5-06E91361E757}"
EndProject
Project("{FAE04EC0-301F-11D3-BF4B-00C04F79EFBC}") = "Microsoft.MixedReality.Toolkit.SDK.Experimental.Editor.Interactive", "Microsoft.MixedReality.Toolkit.SDK.Experimental.Editor.Interactive.csproj", "{77757E28-CE78-F43B-BEC6-5CEBE59C45EF}"
EndProject
Project("{FAE04EC0-301F-11D3-BF4B-00C04F79EFBC}") = "Microsoft.MixedReality.Toolkit.Demos.InspectorFields.Inspectors", "Microsoft.MixedReality.Toolkit.Demos.InspectorFields.Inspectors.csproj", "{D0F85773-9BAF-A891-C655-E13C67325CAC}"
EndProject
Project("{FAE04EC0-301F-11D3-BF4B-00C04F79EFBC}") = "Microsoft.MixedReality.Toolkit.Editor.Utilities", "Microsoft.MixedReality.Toolkit.Editor.Utilities.csproj", "{432F791D-44A9-06BB-76A9-6557FF0720BB}"
EndProject
Project("{FAE04EC0-301F-11D3-BF4B-00C04F79EFBC}") = "Microsoft.MixedReality.Toolkit.Tools", "Microsoft.MixedReality.Toolkit.Tools.csproj", "{18DF53EA-E304-AB09-A948-300A644CF514}"
EndProject
Project("{FAE04EC0-301F-11D3-BF4B-00C04F79EFBC}") = "Microsoft.MixedReality.Toolkit.Providers.ObjectMeshObserver", "Microsoft.MixedReality.Toolkit.Providers.ObjectMeshObserver.csproj", "{A665F46F-9CF1-B6CF-25D8-201FAEB0D2AE}"
EndProject
Project("{FAE04EC0-301F-11D3-BF4B-00C04F79EFBC}") = "PhotonUnityNetworking.Editor", "PhotonUnityNetworking.Editor.csproj", "{30BD7826-8789-372F-3AA5-14EF3365213F}"
EndProject
Project("{FAE04EC0-301F-11D3-BF4B-00C04F79EFBC}") = "Microsoft.MixedReality.Toolkit.Editor.ClassExtensions", "Microsoft.MixedReality.Toolkit.Editor.ClassExtensions.csproj", "{4C713540-07D5-F0C9-9C1F-2FAC58B84D08}"
EndProject
Project("{FAE04EC0-301F-11D3-BF4B-00C04F79EFBC}") = "Microsoft.MixedReality.Toolkit.Gltf.Importers", "Microsoft.MixedReality.Toolkit.Gltf.Importers.csproj", "{A090798F-251C-D512-202F-F688F417EF35}"
EndProject
Project("{FAE04EC0-301F-11D3-BF4B-00C04F79EFBC}") = "Microsoft.MixedReality.Toolkit.MSBuild", "Microsoft.MixedReality.Toolkit.MSBuild.csproj", "{B2D3D720-BE34-8A09-77EC-3AAE379B2CDB}"
EndProject
Project("{FAE04EC0-301F-11D3-BF4B-00C04F79EFBC}") = "Microsoft.MixedReality.Toolkit.StandardAssets.Editor", "Microsoft.MixedReality.Toolkit.StandardAssets.Editor.csproj", "{60538AA9-B1EC-141C-EA82-99023FFF63FF}"
EndProject
Project("{FAE04EC0-301F-11D3-BF4B-00C04F79EFBC}") = "Microsoft.MixedReality.Toolkit.Editor.BuildAndDeploy", "Microsoft.MixedReality.Toolkit.Editor.BuildAndDeploy.csproj", "{580B1322-90DA-8A9F-1C7D-4B1356562976}"
EndProject
Project("{FAE04EC0-301F-11D3-BF4B-00C04F79EFBC}") = "PunDemos.DemoHubEditor", "PunDemos.DemoHubEditor.csproj", "{90536F0B-E316-5BB7-3DAB-06FE73E823C0}"
EndProject
Project("{FAE04EC0-301F-11D3-BF4B-00C04F79EFBC}") = "PhotonUnityNetworking.Utilities.PhotonPlayer.Editor", "PhotonUnityNetworking.Utilities.PhotonPlayer.Editor.csproj", "{C7525209-853B-2044-C14D-FBA97CCFF974}"
EndProject
Project("{FAE04EC0-301F-11D3-BF4B-00C04F79EFBC}") = "Microsoft.MixedReality.Toolkit.Services.InputSimulation.Editor", "Microsoft.MixedReality.Toolkit.Services.InputSimulation.Editor.csproj", "{621E57C2-6818-7A22-F0F2-BBCBF4DAEA50}"
EndProject
Project("{FAE04EC0-301F-11D3-BF4B-00C04F79EFBC}") = "Microsoft.MixedReality.Toolkit.Providers.LeapMotion.Editor", "Microsoft.MixedReality.Toolkit.Providers.LeapMotion.Editor.csproj", "{96D6DBE4-121D-E69D-91BE-89FF0201B66A}"
EndProject
Project("{FAE04EC0-301F-11D3-BF4B-00C04F79EFBC}") = "Microsoft.MixedReality.Toolkit.Providers.UnityAR.Editor", "Microsoft.MixedReality.Toolkit.Providers.UnityAR.Editor.csproj", "{3E5D579C-F5EA-E2B6-67BB-4008AD32FC6D}"
EndProject
Project("{FAE04EC0-301F-11D3-BF4B-00C04F79EFBC}") = "PhotonUnityNetworking.Utilities.Culling.Editor", "PhotonUnityNetworking.Utilities.Culling.Editor.csproj", "{C6C24DA1-9FD9-F7BD-AC6D-2B057042CA44}"
EndProject
Project("{FAE04EC0-301F-11D3-BF4B-00C04F79EFBC}") = "Microsoft.MixedReality.Toolkit.Demos.Gltf.Inspectors", "Microsoft.MixedReality.Toolkit.Demos.Gltf.Inspectors.csproj", "{E5A5F1B8-DF84-C65E-115A-01FE9F6485AA}"
EndProject
Project("{FAE04EC0-301F-11D3-BF4B-00C04F79EFBC}") = "Assembly-CSharp-Editor", "Assembly-CSharp-Editor.csproj", "{1934741A-DC85-BDE1-E80D-C0ED603EC295}"
EndProject
Project("{FAE04EC0-301F-11D3-BF4B-00C04F79EFBC}") = "PunDemos.DemoSlotcarEditor", "PunDemos.DemoSlotcarEditor.csproj", "{181D0A35-ECEA-D232-3222-2728F24E9E14}"
EndProject
Project("{FAE04EC0-301F-11D3-BF4B-00C04F79EFBC}") = "Microsoft.MixedReality.Toolkit.Services.InputSystem.Editor", "Microsoft.MixedReality.Toolkit.Services.InputSystem.Editor.csproj", "{597C4B5C-C84E-9334-E659-511536D7D871}"
EndProject
Project("{FAE04EC0-301F-11D3-BF4B-00C04F79EFBC}") = "Microsoft.MixedReality.Toolkit.Demos.StandardShader.Inspectors", "Microsoft.MixedReality.Toolkit.Demos.StandardShader.Inspectors.csproj", "{BFFD0A1B-BC69-6485-4750-682E5DADC98E}"
EndProject
Project("{FAE04EC0-301F-11D3-BF4B-00C04F79EFBC}") = "Microsoft.MixedReality.Toolkit.Providers.WindowsSceneUnderstanding.Editor", "Microsoft.MixedReality.Toolkit.Providers.WindowsSceneUnderstanding.Editor.csproj", "{32A0020A-2DA2-8B0A-B6DB-642CE2131AEB}"
EndProject
Project("{FAE04EC0-301F-11D3-BF4B-00C04F79EFBC}") = "Microsoft.MixedReality.Toolkit.Providers.XRSDK.Oculus.Handtracking.Editor", "Microsoft.MixedReality.Toolkit.Providers.XRSDK.Oculus.Handtracking.Editor.csproj", "{4E1736E1-A3F8-F3F1-A7EF-36BB00D8D488}"
EndProject
Project("{FAE04EC0-301F-11D3-BF4B-00C04F79EFBC}") = "Microsoft.MixedReality.Toolkit.SDK.Experimental.Editor", "Microsoft.MixedReality.Toolkit.SDK.Experimental.Editor.csproj", "{C7414426-E808-B9D1-71DD-D63BFCB94D79}"
EndProject
Project("{FAE04EC0-301F-11D3-BF4B-00C04F79EFBC}") = "Microsoft.MixedReality.Toolkit.Providers.WindowsMixedReality.Editor", "Microsoft.MixedReality.Toolkit.Providers.WindowsMixedReality.Editor.csproj", "{C424B302-882E-A28E-0232-7E79EFB6C429}"
EndProject
Project("{FAE04EC0-301F-11D3-BF4B-00C04F79EFBC}") = "Microsoft.MixedReality.Toolkit.Extensions.Tracking.Editor", "Microsoft.MixedReality.Toolkit.Extensions.Tracking.Editor.csproj", "{BB19B338-5CAB-D537-8727-912AF70C4848}"
EndProject
Global
	GlobalSection(SolutionConfigurationPlatforms) = preSolution
		Debug|Any CPU = Debug|Any CPU
		Release|Any CPU = Release|Any CPU
	EndGlobalSection
	GlobalSection(ProjectConfigurationPlatforms) = postSolution
		{8337BA1B-72FB-845A-3370-10267EBE484E}.Debug|Any CPU.ActiveCfg = Debug|Any CPU
		{8337BA1B-72FB-845A-3370-10267EBE484E}.Debug|Any CPU.Build.0 = Debug|Any CPU
		{8337BA1B-72FB-845A-3370-10267EBE484E}.Release|Any CPU.ActiveCfg = Release|Any CPU
		{8337BA1B-72FB-845A-3370-10267EBE484E}.Release|Any CPU.Build.0 = Release|Any CPU
		{DD19BC32-37AF-A261-C8FC-C196B2791044}.Debug|Any CPU.ActiveCfg = Debug|Any CPU
		{DD19BC32-37AF-A261-C8FC-C196B2791044}.Debug|Any CPU.Build.0 = Debug|Any CPU
		{DD19BC32-37AF-A261-C8FC-C196B2791044}.Release|Any CPU.ActiveCfg = Release|Any CPU
		{DD19BC32-37AF-A261-C8FC-C196B2791044}.Release|Any CPU.Build.0 = Release|Any CPU
		{01A080BF-114C-E866-94B6-0AE073C2C170}.Debug|Any CPU.ActiveCfg = Debug|Any CPU
		{01A080BF-114C-E866-94B6-0AE073C2C170}.Debug|Any CPU.Build.0 = Debug|Any CPU
		{01A080BF-114C-E866-94B6-0AE073C2C170}.Release|Any CPU.ActiveCfg = Release|Any CPU
		{01A080BF-114C-E866-94B6-0AE073C2C170}.Release|Any CPU.Build.0 = Release|Any CPU
		{87D4B3D0-F844-2E52-6FE1-F1C6BBE8C8AB}.Debug|Any CPU.ActiveCfg = Debug|Any CPU
		{87D4B3D0-F844-2E52-6FE1-F1C6BBE8C8AB}.Debug|Any CPU.Build.0 = Debug|Any CPU
		{87D4B3D0-F844-2E52-6FE1-F1C6BBE8C8AB}.Release|Any CPU.ActiveCfg = Release|Any CPU
		{87D4B3D0-F844-2E52-6FE1-F1C6BBE8C8AB}.Release|Any CPU.Build.0 = Release|Any CPU
		{E93AB66C-C814-C6CC-7493-40BAF5329637}.Debug|Any CPU.ActiveCfg = Debug|Any CPU
		{E93AB66C-C814-C6CC-7493-40BAF5329637}.Debug|Any CPU.Build.0 = Debug|Any CPU
		{E93AB66C-C814-C6CC-7493-40BAF5329637}.Release|Any CPU.ActiveCfg = Release|Any CPU
		{E93AB66C-C814-C6CC-7493-40BAF5329637}.Release|Any CPU.Build.0 = Release|Any CPU
		{5FD8C27A-F58D-B348-B2F8-3F58577A9A06}.Debug|Any CPU.ActiveCfg = Debug|Any CPU
		{5FD8C27A-F58D-B348-B2F8-3F58577A9A06}.Debug|Any CPU.Build.0 = Debug|Any CPU
		{5FD8C27A-F58D-B348-B2F8-3F58577A9A06}.Release|Any CPU.ActiveCfg = Release|Any CPU
		{5FD8C27A-F58D-B348-B2F8-3F58577A9A06}.Release|Any CPU.Build.0 = Release|Any CPU
		{74957A90-9839-6402-7984-F75D37CDEFC2}.Debug|Any CPU.ActiveCfg = Debug|Any CPU
		{74957A90-9839-6402-7984-F75D37CDEFC2}.Debug|Any CPU.Build.0 = Debug|Any CPU
		{74957A90-9839-6402-7984-F75D37CDEFC2}.Release|Any CPU.ActiveCfg = Release|Any CPU
		{74957A90-9839-6402-7984-F75D37CDEFC2}.Release|Any CPU.Build.0 = Release|Any CPU
		{A9DE201D-8F95-44AA-5C0E-B2FEB88E7FF0}.Debug|Any CPU.ActiveCfg = Debug|Any CPU
		{A9DE201D-8F95-44AA-5C0E-B2FEB88E7FF0}.Debug|Any CPU.Build.0 = Debug|Any CPU
		{A9DE201D-8F95-44AA-5C0E-B2FEB88E7FF0}.Release|Any CPU.ActiveCfg = Release|Any CPU
		{A9DE201D-8F95-44AA-5C0E-B2FEB88E7FF0}.Release|Any CPU.Build.0 = Release|Any CPU
		{4649FB91-8258-3CE4-C539-9DBC262D570B}.Debug|Any CPU.ActiveCfg = Debug|Any CPU
		{4649FB91-8258-3CE4-C539-9DBC262D570B}.Debug|Any CPU.Build.0 = Debug|Any CPU
		{4649FB91-8258-3CE4-C539-9DBC262D570B}.Release|Any CPU.ActiveCfg = Release|Any CPU
		{4649FB91-8258-3CE4-C539-9DBC262D570B}.Release|Any CPU.Build.0 = Release|Any CPU
		{2D4989FC-4B44-A648-CBA2-F9036F7A87E4}.Debug|Any CPU.ActiveCfg = Debug|Any CPU
		{2D4989FC-4B44-A648-CBA2-F9036F7A87E4}.Debug|Any CPU.Build.0 = Debug|Any CPU
		{2D4989FC-4B44-A648-CBA2-F9036F7A87E4}.Release|Any CPU.ActiveCfg = Release|Any CPU
		{2D4989FC-4B44-A648-CBA2-F9036F7A87E4}.Release|Any CPU.Build.0 = Release|Any CPU
		{CD1089CA-CEEA-0AB5-80F5-C5860E29FA30}.Debug|Any CPU.ActiveCfg = Debug|Any CPU
		{CD1089CA-CEEA-0AB5-80F5-C5860E29FA30}.Debug|Any CPU.Build.0 = Debug|Any CPU
		{CD1089CA-CEEA-0AB5-80F5-C5860E29FA30}.Release|Any CPU.ActiveCfg = Release|Any CPU
		{CD1089CA-CEEA-0AB5-80F5-C5860E29FA30}.Release|Any CPU.Build.0 = Release|Any CPU
		{98F6853E-D4A9-5EDA-FDFB-6B096096059D}.Debug|Any CPU.ActiveCfg = Debug|Any CPU
		{98F6853E-D4A9-5EDA-FDFB-6B096096059D}.Debug|Any CPU.Build.0 = Debug|Any CPU
		{98F6853E-D4A9-5EDA-FDFB-6B096096059D}.Release|Any CPU.ActiveCfg = Release|Any CPU
		{98F6853E-D4A9-5EDA-FDFB-6B096096059D}.Release|Any CPU.Build.0 = Release|Any CPU
		{8B7841BB-38F5-D785-2E7B-A79BBD52E791}.Debug|Any CPU.ActiveCfg = Debug|Any CPU
		{8B7841BB-38F5-D785-2E7B-A79BBD52E791}.Debug|Any CPU.Build.0 = Debug|Any CPU
		{8B7841BB-38F5-D785-2E7B-A79BBD52E791}.Release|Any CPU.ActiveCfg = Release|Any CPU
		{8B7841BB-38F5-D785-2E7B-A79BBD52E791}.Release|Any CPU.Build.0 = Release|Any CPU
		{932897CD-E40E-1CA6-5B18-CFD7E9C0E306}.Debug|Any CPU.ActiveCfg = Debug|Any CPU
		{932897CD-E40E-1CA6-5B18-CFD7E9C0E306}.Debug|Any CPU.Build.0 = Debug|Any CPU
		{932897CD-E40E-1CA6-5B18-CFD7E9C0E306}.Release|Any CPU.ActiveCfg = Release|Any CPU
		{932897CD-E40E-1CA6-5B18-CFD7E9C0E306}.Release|Any CPU.Build.0 = Release|Any CPU
		{8766AA88-C44B-EE35-B01B-46E7449217E7}.Debug|Any CPU.ActiveCfg = Debug|Any CPU
		{8766AA88-C44B-EE35-B01B-46E7449217E7}.Debug|Any CPU.Build.0 = Debug|Any CPU
		{8766AA88-C44B-EE35-B01B-46E7449217E7}.Release|Any CPU.ActiveCfg = Release|Any CPU
		{8766AA88-C44B-EE35-B01B-46E7449217E7}.Release|Any CPU.Build.0 = Release|Any CPU
		{4890C253-0944-3DA1-8983-6C6E0A98375F}.Debug|Any CPU.ActiveCfg = Debug|Any CPU
		{4890C253-0944-3DA1-8983-6C6E0A98375F}.Debug|Any CPU.Build.0 = Debug|Any CPU
		{4890C253-0944-3DA1-8983-6C6E0A98375F}.Release|Any CPU.ActiveCfg = Release|Any CPU
		{4890C253-0944-3DA1-8983-6C6E0A98375F}.Release|Any CPU.Build.0 = Release|Any CPU
		{AA57CC05-01D1-FB4A-0E93-2882989E5B21}.Debug|Any CPU.ActiveCfg = Debug|Any CPU
		{AA57CC05-01D1-FB4A-0E93-2882989E5B21}.Debug|Any CPU.Build.0 = Debug|Any CPU
		{AA57CC05-01D1-FB4A-0E93-2882989E5B21}.Release|Any CPU.ActiveCfg = Release|Any CPU
		{AA57CC05-01D1-FB4A-0E93-2882989E5B21}.Release|Any CPU.Build.0 = Release|Any CPU
		{8D07EEC0-2E39-168B-DBB5-6243E8A3B03C}.Debug|Any CPU.ActiveCfg = Debug|Any CPU
		{8D07EEC0-2E39-168B-DBB5-6243E8A3B03C}.Debug|Any CPU.Build.0 = Debug|Any CPU
		{8D07EEC0-2E39-168B-DBB5-6243E8A3B03C}.Release|Any CPU.ActiveCfg = Release|Any CPU
		{8D07EEC0-2E39-168B-DBB5-6243E8A3B03C}.Release|Any CPU.Build.0 = Release|Any CPU
		{9306F300-84E1-9959-36FE-A83D36CE523A}.Debug|Any CPU.ActiveCfg = Debug|Any CPU
		{9306F300-84E1-9959-36FE-A83D36CE523A}.Debug|Any CPU.Build.0 = Debug|Any CPU
		{9306F300-84E1-9959-36FE-A83D36CE523A}.Release|Any CPU.ActiveCfg = Release|Any CPU
		{9306F300-84E1-9959-36FE-A83D36CE523A}.Release|Any CPU.Build.0 = Release|Any CPU
		{C6F003B2-48A5-22EC-FACD-1A94006DE736}.Debug|Any CPU.ActiveCfg = Debug|Any CPU
		{C6F003B2-48A5-22EC-FACD-1A94006DE736}.Debug|Any CPU.Build.0 = Debug|Any CPU
		{C6F003B2-48A5-22EC-FACD-1A94006DE736}.Release|Any CPU.ActiveCfg = Release|Any CPU
		{C6F003B2-48A5-22EC-FACD-1A94006DE736}.Release|Any CPU.Build.0 = Release|Any CPU
		{4D014467-B284-0862-4FD1-762329876A41}.Debug|Any CPU.ActiveCfg = Debug|Any CPU
		{4D014467-B284-0862-4FD1-762329876A41}.Debug|Any CPU.Build.0 = Debug|Any CPU
		{4D014467-B284-0862-4FD1-762329876A41}.Release|Any CPU.ActiveCfg = Release|Any CPU
		{4D014467-B284-0862-4FD1-762329876A41}.Release|Any CPU.Build.0 = Release|Any CPU
		{9676E0B8-ABC8-5D78-4BEB-3368835B1589}.Debug|Any CPU.ActiveCfg = Debug|Any CPU
		{9676E0B8-ABC8-5D78-4BEB-3368835B1589}.Debug|Any CPU.Build.0 = Debug|Any CPU
		{9676E0B8-ABC8-5D78-4BEB-3368835B1589}.Release|Any CPU.ActiveCfg = Release|Any CPU
		{9676E0B8-ABC8-5D78-4BEB-3368835B1589}.Release|Any CPU.Build.0 = Release|Any CPU
		{13220DE3-843C-3499-ED35-8ED55B1B3181}.Debug|Any CPU.ActiveCfg = Debug|Any CPU
		{13220DE3-843C-3499-ED35-8ED55B1B3181}.Debug|Any CPU.Build.0 = Debug|Any CPU
		{13220DE3-843C-3499-ED35-8ED55B1B3181}.Release|Any CPU.ActiveCfg = Release|Any CPU
		{13220DE3-843C-3499-ED35-8ED55B1B3181}.Release|Any CPU.Build.0 = Release|Any CPU
		{B05BF1CC-A369-36DE-5853-34A8E83AB1DA}.Debug|Any CPU.ActiveCfg = Debug|Any CPU
		{B05BF1CC-A369-36DE-5853-34A8E83AB1DA}.Debug|Any CPU.Build.0 = Debug|Any CPU
		{B05BF1CC-A369-36DE-5853-34A8E83AB1DA}.Release|Any CPU.ActiveCfg = Release|Any CPU
		{B05BF1CC-A369-36DE-5853-34A8E83AB1DA}.Release|Any CPU.Build.0 = Release|Any CPU
		{DBB52DF0-1FCA-DC54-6AF2-C5EBE205B26E}.Debug|Any CPU.ActiveCfg = Debug|Any CPU
		{DBB52DF0-1FCA-DC54-6AF2-C5EBE205B26E}.Debug|Any CPU.Build.0 = Debug|Any CPU
		{DBB52DF0-1FCA-DC54-6AF2-C5EBE205B26E}.Release|Any CPU.ActiveCfg = Release|Any CPU
		{DBB52DF0-1FCA-DC54-6AF2-C5EBE205B26E}.Release|Any CPU.Build.0 = Release|Any CPU
		{6A065C75-229A-72B4-B64A-8F6DF2CD9FFA}.Debug|Any CPU.ActiveCfg = Debug|Any CPU
		{6A065C75-229A-72B4-B64A-8F6DF2CD9FFA}.Debug|Any CPU.Build.0 = Debug|Any CPU
		{6A065C75-229A-72B4-B64A-8F6DF2CD9FFA}.Release|Any CPU.ActiveCfg = Release|Any CPU
		{6A065C75-229A-72B4-B64A-8F6DF2CD9FFA}.Release|Any CPU.Build.0 = Release|Any CPU
		{650E4DB8-A5D1-9525-546F-C0540E009A4C}.Debug|Any CPU.ActiveCfg = Debug|Any CPU
		{650E4DB8-A5D1-9525-546F-C0540E009A4C}.Debug|Any CPU.Build.0 = Debug|Any CPU
		{650E4DB8-A5D1-9525-546F-C0540E009A4C}.Release|Any CPU.ActiveCfg = Release|Any CPU
		{650E4DB8-A5D1-9525-546F-C0540E009A4C}.Release|Any CPU.Build.0 = Release|Any CPU
		{AFDFDD4C-062E-22FF-BF46-92911EBF2EFE}.Debug|Any CPU.ActiveCfg = Debug|Any CPU
		{AFDFDD4C-062E-22FF-BF46-92911EBF2EFE}.Debug|Any CPU.Build.0 = Debug|Any CPU
		{AFDFDD4C-062E-22FF-BF46-92911EBF2EFE}.Release|Any CPU.ActiveCfg = Release|Any CPU
		{AFDFDD4C-062E-22FF-BF46-92911EBF2EFE}.Release|Any CPU.Build.0 = Release|Any CPU
		{EB9E56F9-5AED-B137-99F9-85FE9174367F}.Debug|Any CPU.ActiveCfg = Debug|Any CPU
		{EB9E56F9-5AED-B137-99F9-85FE9174367F}.Debug|Any CPU.Build.0 = Debug|Any CPU
		{EB9E56F9-5AED-B137-99F9-85FE9174367F}.Release|Any CPU.ActiveCfg = Release|Any CPU
		{EB9E56F9-5AED-B137-99F9-85FE9174367F}.Release|Any CPU.Build.0 = Release|Any CPU
		{5E92B5F3-EE2E-BEA5-02B4-9D9DE3B74960}.Debug|Any CPU.ActiveCfg = Debug|Any CPU
		{5E92B5F3-EE2E-BEA5-02B4-9D9DE3B74960}.Debug|Any CPU.Build.0 = Debug|Any CPU
		{5E92B5F3-EE2E-BEA5-02B4-9D9DE3B74960}.Release|Any CPU.ActiveCfg = Release|Any CPU
		{5E92B5F3-EE2E-BEA5-02B4-9D9DE3B74960}.Release|Any CPU.Build.0 = Release|Any CPU
		{17CC157C-A4A9-B034-3A5E-8619012FB6FE}.Debug|Any CPU.ActiveCfg = Debug|Any CPU
		{17CC157C-A4A9-B034-3A5E-8619012FB6FE}.Debug|Any CPU.Build.0 = Debug|Any CPU
		{17CC157C-A4A9-B034-3A5E-8619012FB6FE}.Release|Any CPU.ActiveCfg = Release|Any CPU
		{17CC157C-A4A9-B034-3A5E-8619012FB6FE}.Release|Any CPU.Build.0 = Release|Any CPU
		{D969873D-3386-762C-ADA1-637BA6AEC17F}.Debug|Any CPU.ActiveCfg = Debug|Any CPU
		{D969873D-3386-762C-ADA1-637BA6AEC17F}.Debug|Any CPU.Build.0 = Debug|Any CPU
		{D969873D-3386-762C-ADA1-637BA6AEC17F}.Release|Any CPU.ActiveCfg = Release|Any CPU
		{D969873D-3386-762C-ADA1-637BA6AEC17F}.Release|Any CPU.Build.0 = Release|Any CPU
		{497FFF7A-82AC-E399-0B42-8249269AB658}.Debug|Any CPU.ActiveCfg = Debug|Any CPU
		{497FFF7A-82AC-E399-0B42-8249269AB658}.Debug|Any CPU.Build.0 = Debug|Any CPU
		{497FFF7A-82AC-E399-0B42-8249269AB658}.Release|Any CPU.ActiveCfg = Release|Any CPU
		{497FFF7A-82AC-E399-0B42-8249269AB658}.Release|Any CPU.Build.0 = Release|Any CPU
		{C8A9D790-18A1-1D6B-017F-F01294937458}.Debug|Any CPU.ActiveCfg = Debug|Any CPU
		{C8A9D790-18A1-1D6B-017F-F01294937458}.Debug|Any CPU.Build.0 = Debug|Any CPU
		{C8A9D790-18A1-1D6B-017F-F01294937458}.Release|Any CPU.ActiveCfg = Release|Any CPU
		{C8A9D790-18A1-1D6B-017F-F01294937458}.Release|Any CPU.Build.0 = Release|Any CPU
		{034F2BD1-16E2-6B13-08F0-5BBABE2ED852}.Debug|Any CPU.ActiveCfg = Debug|Any CPU
		{034F2BD1-16E2-6B13-08F0-5BBABE2ED852}.Debug|Any CPU.Build.0 = Debug|Any CPU
		{034F2BD1-16E2-6B13-08F0-5BBABE2ED852}.Release|Any CPU.ActiveCfg = Release|Any CPU
		{034F2BD1-16E2-6B13-08F0-5BBABE2ED852}.Release|Any CPU.Build.0 = Release|Any CPU
		{DB7316A6-B9D5-2CBA-E7BA-EC0A91D60DC2}.Debug|Any CPU.ActiveCfg = Debug|Any CPU
		{DB7316A6-B9D5-2CBA-E7BA-EC0A91D60DC2}.Debug|Any CPU.Build.0 = Debug|Any CPU
		{DB7316A6-B9D5-2CBA-E7BA-EC0A91D60DC2}.Release|Any CPU.ActiveCfg = Release|Any CPU
		{DB7316A6-B9D5-2CBA-E7BA-EC0A91D60DC2}.Release|Any CPU.Build.0 = Release|Any CPU
		{63D00E73-FDFF-4CF0-5070-9C94AFD06E55}.Debug|Any CPU.ActiveCfg = Debug|Any CPU
		{63D00E73-FDFF-4CF0-5070-9C94AFD06E55}.Debug|Any CPU.Build.0 = Debug|Any CPU
		{63D00E73-FDFF-4CF0-5070-9C94AFD06E55}.Release|Any CPU.ActiveCfg = Release|Any CPU
		{63D00E73-FDFF-4CF0-5070-9C94AFD06E55}.Release|Any CPU.Build.0 = Release|Any CPU
		{A1AE082F-CB5B-7DBD-B82E-CF91B969C1F7}.Debug|Any CPU.ActiveCfg = Debug|Any CPU
		{A1AE082F-CB5B-7DBD-B82E-CF91B969C1F7}.Debug|Any CPU.Build.0 = Debug|Any CPU
		{A1AE082F-CB5B-7DBD-B82E-CF91B969C1F7}.Release|Any CPU.ActiveCfg = Release|Any CPU
		{A1AE082F-CB5B-7DBD-B82E-CF91B969C1F7}.Release|Any CPU.Build.0 = Release|Any CPU
		{83E0BDC7-7028-B785-430E-D005CD8A8468}.Debug|Any CPU.ActiveCfg = Debug|Any CPU
		{83E0BDC7-7028-B785-430E-D005CD8A8468}.Debug|Any CPU.Build.0 = Debug|Any CPU
		{83E0BDC7-7028-B785-430E-D005CD8A8468}.Release|Any CPU.ActiveCfg = Release|Any CPU
		{83E0BDC7-7028-B785-430E-D005CD8A8468}.Release|Any CPU.Build.0 = Release|Any CPU
		{72E5617A-945E-9FB8-7062-949AAFD4975B}.Debug|Any CPU.ActiveCfg = Debug|Any CPU
		{72E5617A-945E-9FB8-7062-949AAFD4975B}.Debug|Any CPU.Build.0 = Debug|Any CPU
		{72E5617A-945E-9FB8-7062-949AAFD4975B}.Release|Any CPU.ActiveCfg = Release|Any CPU
		{72E5617A-945E-9FB8-7062-949AAFD4975B}.Release|Any CPU.Build.0 = Release|Any CPU
		{4C3692C4-8F86-FBE4-1ED7-C1386875E604}.Debug|Any CPU.ActiveCfg = Debug|Any CPU
		{4C3692C4-8F86-FBE4-1ED7-C1386875E604}.Debug|Any CPU.Build.0 = Debug|Any CPU
		{4C3692C4-8F86-FBE4-1ED7-C1386875E604}.Release|Any CPU.ActiveCfg = Release|Any CPU
		{4C3692C4-8F86-FBE4-1ED7-C1386875E604}.Release|Any CPU.Build.0 = Release|Any CPU
		{EA577B30-B301-76CE-7B79-8121B35FC794}.Debug|Any CPU.ActiveCfg = Debug|Any CPU
		{EA577B30-B301-76CE-7B79-8121B35FC794}.Debug|Any CPU.Build.0 = Debug|Any CPU
		{EA577B30-B301-76CE-7B79-8121B35FC794}.Release|Any CPU.ActiveCfg = Release|Any CPU
		{EA577B30-B301-76CE-7B79-8121B35FC794}.Release|Any CPU.Build.0 = Release|Any CPU
		{C1D2B6A9-9B9B-E065-8E0A-E6DB1341760A}.Debug|Any CPU.ActiveCfg = Debug|Any CPU
		{C1D2B6A9-9B9B-E065-8E0A-E6DB1341760A}.Debug|Any CPU.Build.0 = Debug|Any CPU
		{C1D2B6A9-9B9B-E065-8E0A-E6DB1341760A}.Release|Any CPU.ActiveCfg = Release|Any CPU
		{C1D2B6A9-9B9B-E065-8E0A-E6DB1341760A}.Release|Any CPU.Build.0 = Release|Any CPU
		{DB8DEA5E-3B9F-D4C6-4DFF-11A8BAA0B8E2}.Debug|Any CPU.ActiveCfg = Debug|Any CPU
		{DB8DEA5E-3B9F-D4C6-4DFF-11A8BAA0B8E2}.Debug|Any CPU.Build.0 = Debug|Any CPU
		{DB8DEA5E-3B9F-D4C6-4DFF-11A8BAA0B8E2}.Release|Any CPU.ActiveCfg = Release|Any CPU
		{DB8DEA5E-3B9F-D4C6-4DFF-11A8BAA0B8E2}.Release|Any CPU.Build.0 = Release|Any CPU
		{B1D2DC3E-FEDA-2D4F-9DC5-06E91361E757}.Debug|Any CPU.ActiveCfg = Debug|Any CPU
		{B1D2DC3E-FEDA-2D4F-9DC5-06E91361E757}.Debug|Any CPU.Build.0 = Debug|Any CPU
		{B1D2DC3E-FEDA-2D4F-9DC5-06E91361E757}.Release|Any CPU.ActiveCfg = Release|Any CPU
		{B1D2DC3E-FEDA-2D4F-9DC5-06E91361E757}.Release|Any CPU.Build.0 = Release|Any CPU
		{77757E28-CE78-F43B-BEC6-5CEBE59C45EF}.Debug|Any CPU.ActiveCfg = Debug|Any CPU
		{77757E28-CE78-F43B-BEC6-5CEBE59C45EF}.Debug|Any CPU.Build.0 = Debug|Any CPU
		{77757E28-CE78-F43B-BEC6-5CEBE59C45EF}.Release|Any CPU.ActiveCfg = Release|Any CPU
		{77757E28-CE78-F43B-BEC6-5CEBE59C45EF}.Release|Any CPU.Build.0 = Release|Any CPU
		{D0F85773-9BAF-A891-C655-E13C67325CAC}.Debug|Any CPU.ActiveCfg = Debug|Any CPU
		{D0F85773-9BAF-A891-C655-E13C67325CAC}.Debug|Any CPU.Build.0 = Debug|Any CPU
		{D0F85773-9BAF-A891-C655-E13C67325CAC}.Release|Any CPU.ActiveCfg = Release|Any CPU
		{D0F85773-9BAF-A891-C655-E13C67325CAC}.Release|Any CPU.Build.0 = Release|Any CPU
		{432F791D-44A9-06BB-76A9-6557FF0720BB}.Debug|Any CPU.ActiveCfg = Debug|Any CPU
		{432F791D-44A9-06BB-76A9-6557FF0720BB}.Debug|Any CPU.Build.0 = Debug|Any CPU
		{432F791D-44A9-06BB-76A9-6557FF0720BB}.Release|Any CPU.ActiveCfg = Release|Any CPU
		{432F791D-44A9-06BB-76A9-6557FF0720BB}.Release|Any CPU.Build.0 = Release|Any CPU
		{18DF53EA-E304-AB09-A948-300A644CF514}.Debug|Any CPU.ActiveCfg = Debug|Any CPU
		{18DF53EA-E304-AB09-A948-300A644CF514}.Debug|Any CPU.Build.0 = Debug|Any CPU
		{18DF53EA-E304-AB09-A948-300A644CF514}.Release|Any CPU.ActiveCfg = Release|Any CPU
		{18DF53EA-E304-AB09-A948-300A644CF514}.Release|Any CPU.Build.0 = Release|Any CPU
		{A665F46F-9CF1-B6CF-25D8-201FAEB0D2AE}.Debug|Any CPU.ActiveCfg = Debug|Any CPU
		{A665F46F-9CF1-B6CF-25D8-201FAEB0D2AE}.Debug|Any CPU.Build.0 = Debug|Any CPU
		{A665F46F-9CF1-B6CF-25D8-201FAEB0D2AE}.Release|Any CPU.ActiveCfg = Release|Any CPU
		{A665F46F-9CF1-B6CF-25D8-201FAEB0D2AE}.Release|Any CPU.Build.0 = Release|Any CPU
		{30BD7826-8789-372F-3AA5-14EF3365213F}.Debug|Any CPU.ActiveCfg = Debug|Any CPU
		{30BD7826-8789-372F-3AA5-14EF3365213F}.Debug|Any CPU.Build.0 = Debug|Any CPU
		{30BD7826-8789-372F-3AA5-14EF3365213F}.Release|Any CPU.ActiveCfg = Release|Any CPU
		{30BD7826-8789-372F-3AA5-14EF3365213F}.Release|Any CPU.Build.0 = Release|Any CPU
		{4C713540-07D5-F0C9-9C1F-2FAC58B84D08}.Debug|Any CPU.ActiveCfg = Debug|Any CPU
		{4C713540-07D5-F0C9-9C1F-2FAC58B84D08}.Debug|Any CPU.Build.0 = Debug|Any CPU
		{4C713540-07D5-F0C9-9C1F-2FAC58B84D08}.Release|Any CPU.ActiveCfg = Release|Any CPU
		{4C713540-07D5-F0C9-9C1F-2FAC58B84D08}.Release|Any CPU.Build.0 = Release|Any CPU
		{A090798F-251C-D512-202F-F688F417EF35}.Debug|Any CPU.ActiveCfg = Debug|Any CPU
		{A090798F-251C-D512-202F-F688F417EF35}.Debug|Any CPU.Build.0 = Debug|Any CPU
		{A090798F-251C-D512-202F-F688F417EF35}.Release|Any CPU.ActiveCfg = Release|Any CPU
		{A090798F-251C-D512-202F-F688F417EF35}.Release|Any CPU.Build.0 = Release|Any CPU
		{B2D3D720-BE34-8A09-77EC-3AAE379B2CDB}.Debug|Any CPU.ActiveCfg = Debug|Any CPU
		{B2D3D720-BE34-8A09-77EC-3AAE379B2CDB}.Debug|Any CPU.Build.0 = Debug|Any CPU
		{B2D3D720-BE34-8A09-77EC-3AAE379B2CDB}.Release|Any CPU.ActiveCfg = Release|Any CPU
		{B2D3D720-BE34-8A09-77EC-3AAE379B2CDB}.Release|Any CPU.Build.0 = Release|Any CPU
		{60538AA9-B1EC-141C-EA82-99023FFF63FF}.Debug|Any CPU.ActiveCfg = Debug|Any CPU
		{60538AA9-B1EC-141C-EA82-99023FFF63FF}.Debug|Any CPU.Build.0 = Debug|Any CPU
		{60538AA9-B1EC-141C-EA82-99023FFF63FF}.Release|Any CPU.ActiveCfg = Release|Any CPU
		{60538AA9-B1EC-141C-EA82-99023FFF63FF}.Release|Any CPU.Build.0 = Release|Any CPU
		{580B1322-90DA-8A9F-1C7D-4B1356562976}.Debug|Any CPU.ActiveCfg = Debug|Any CPU
		{580B1322-90DA-8A9F-1C7D-4B1356562976}.Debug|Any CPU.Build.0 = Debug|Any CPU
		{580B1322-90DA-8A9F-1C7D-4B1356562976}.Release|Any CPU.ActiveCfg = Release|Any CPU
		{580B1322-90DA-8A9F-1C7D-4B1356562976}.Release|Any CPU.Build.0 = Release|Any CPU
		{90536F0B-E316-5BB7-3DAB-06FE73E823C0}.Debug|Any CPU.ActiveCfg = Debug|Any CPU
		{90536F0B-E316-5BB7-3DAB-06FE73E823C0}.Debug|Any CPU.Build.0 = Debug|Any CPU
		{90536F0B-E316-5BB7-3DAB-06FE73E823C0}.Release|Any CPU.ActiveCfg = Release|Any CPU
		{90536F0B-E316-5BB7-3DAB-06FE73E823C0}.Release|Any CPU.Build.0 = Release|Any CPU
		{C7525209-853B-2044-C14D-FBA97CCFF974}.Debug|Any CPU.ActiveCfg = Debug|Any CPU
		{C7525209-853B-2044-C14D-FBA97CCFF974}.Debug|Any CPU.Build.0 = Debug|Any CPU
		{C7525209-853B-2044-C14D-FBA97CCFF974}.Release|Any CPU.ActiveCfg = Release|Any CPU
		{C7525209-853B-2044-C14D-FBA97CCFF974}.Release|Any CPU.Build.0 = Release|Any CPU
		{621E57C2-6818-7A22-F0F2-BBCBF4DAEA50}.Debug|Any CPU.ActiveCfg = Debug|Any CPU
		{621E57C2-6818-7A22-F0F2-BBCBF4DAEA50}.Debug|Any CPU.Build.0 = Debug|Any CPU
		{621E57C2-6818-7A22-F0F2-BBCBF4DAEA50}.Release|Any CPU.ActiveCfg = Release|Any CPU
		{621E57C2-6818-7A22-F0F2-BBCBF4DAEA50}.Release|Any CPU.Build.0 = Release|Any CPU
		{96D6DBE4-121D-E69D-91BE-89FF0201B66A}.Debug|Any CPU.ActiveCfg = Debug|Any CPU
		{96D6DBE4-121D-E69D-91BE-89FF0201B66A}.Debug|Any CPU.Build.0 = Debug|Any CPU
		{96D6DBE4-121D-E69D-91BE-89FF0201B66A}.Release|Any CPU.ActiveCfg = Release|Any CPU
		{96D6DBE4-121D-E69D-91BE-89FF0201B66A}.Release|Any CPU.Build.0 = Release|Any CPU
		{3E5D579C-F5EA-E2B6-67BB-4008AD32FC6D}.Debug|Any CPU.ActiveCfg = Debug|Any CPU
		{3E5D579C-F5EA-E2B6-67BB-4008AD32FC6D}.Debug|Any CPU.Build.0 = Debug|Any CPU
		{3E5D579C-F5EA-E2B6-67BB-4008AD32FC6D}.Release|Any CPU.ActiveCfg = Release|Any CPU
		{3E5D579C-F5EA-E2B6-67BB-4008AD32FC6D}.Release|Any CPU.Build.0 = Release|Any CPU
		{C6C24DA1-9FD9-F7BD-AC6D-2B057042CA44}.Debug|Any CPU.ActiveCfg = Debug|Any CPU
		{C6C24DA1-9FD9-F7BD-AC6D-2B057042CA44}.Debug|Any CPU.Build.0 = Debug|Any CPU
		{C6C24DA1-9FD9-F7BD-AC6D-2B057042CA44}.Release|Any CPU.ActiveCfg = Release|Any CPU
		{C6C24DA1-9FD9-F7BD-AC6D-2B057042CA44}.Release|Any CPU.Build.0 = Release|Any CPU
		{E5A5F1B8-DF84-C65E-115A-01FE9F6485AA}.Debug|Any CPU.ActiveCfg = Debug|Any CPU
		{E5A5F1B8-DF84-C65E-115A-01FE9F6485AA}.Debug|Any CPU.Build.0 = Debug|Any CPU
		{E5A5F1B8-DF84-C65E-115A-01FE9F6485AA}.Release|Any CPU.ActiveCfg = Release|Any CPU
		{E5A5F1B8-DF84-C65E-115A-01FE9F6485AA}.Release|Any CPU.Build.0 = Release|Any CPU
		{1934741A-DC85-BDE1-E80D-C0ED603EC295}.Debug|Any CPU.ActiveCfg = Debug|Any CPU
		{1934741A-DC85-BDE1-E80D-C0ED603EC295}.Debug|Any CPU.Build.0 = Debug|Any CPU
		{1934741A-DC85-BDE1-E80D-C0ED603EC295}.Release|Any CPU.ActiveCfg = Release|Any CPU
		{1934741A-DC85-BDE1-E80D-C0ED603EC295}.Release|Any CPU.Build.0 = Release|Any CPU
		{181D0A35-ECEA-D232-3222-2728F24E9E14}.Debug|Any CPU.ActiveCfg = Debug|Any CPU
		{181D0A35-ECEA-D232-3222-2728F24E9E14}.Debug|Any CPU.Build.0 = Debug|Any CPU
		{181D0A35-ECEA-D232-3222-2728F24E9E14}.Release|Any CPU.ActiveCfg = Release|Any CPU
		{181D0A35-ECEA-D232-3222-2728F24E9E14}.Release|Any CPU.Build.0 = Release|Any CPU
		{597C4B5C-C84E-9334-E659-511536D7D871}.Debug|Any CPU.ActiveCfg = Debug|Any CPU
		{597C4B5C-C84E-9334-E659-511536D7D871}.Debug|Any CPU.Build.0 = Debug|Any CPU
		{597C4B5C-C84E-9334-E659-511536D7D871}.Release|Any CPU.ActiveCfg = Release|Any CPU
		{597C4B5C-C84E-9334-E659-511536D7D871}.Release|Any CPU.Build.0 = Release|Any CPU
		{BFFD0A1B-BC69-6485-4750-682E5DADC98E}.Debug|Any CPU.ActiveCfg = Debug|Any CPU
		{BFFD0A1B-BC69-6485-4750-682E5DADC98E}.Debug|Any CPU.Build.0 = Debug|Any CPU
		{BFFD0A1B-BC69-6485-4750-682E5DADC98E}.Release|Any CPU.ActiveCfg = Release|Any CPU
		{BFFD0A1B-BC69-6485-4750-682E5DADC98E}.Release|Any CPU.Build.0 = Release|Any CPU
		{32A0020A-2DA2-8B0A-B6DB-642CE2131AEB}.Debug|Any CPU.ActiveCfg = Debug|Any CPU
		{32A0020A-2DA2-8B0A-B6DB-642CE2131AEB}.Debug|Any CPU.Build.0 = Debug|Any CPU
		{32A0020A-2DA2-8B0A-B6DB-642CE2131AEB}.Release|Any CPU.ActiveCfg = Release|Any CPU
		{32A0020A-2DA2-8B0A-B6DB-642CE2131AEB}.Release|Any CPU.Build.0 = Release|Any CPU
		{4E1736E1-A3F8-F3F1-A7EF-36BB00D8D488}.Debug|Any CPU.ActiveCfg = Debug|Any CPU
		{4E1736E1-A3F8-F3F1-A7EF-36BB00D8D488}.Debug|Any CPU.Build.0 = Debug|Any CPU
		{4E1736E1-A3F8-F3F1-A7EF-36BB00D8D488}.Release|Any CPU.ActiveCfg = Release|Any CPU
		{4E1736E1-A3F8-F3F1-A7EF-36BB00D8D488}.Release|Any CPU.Build.0 = Release|Any CPU
		{C7414426-E808-B9D1-71DD-D63BFCB94D79}.Debug|Any CPU.ActiveCfg = Debug|Any CPU
		{C7414426-E808-B9D1-71DD-D63BFCB94D79}.Debug|Any CPU.Build.0 = Debug|Any CPU
		{C7414426-E808-B9D1-71DD-D63BFCB94D79}.Release|Any CPU.ActiveCfg = Release|Any CPU
		{C7414426-E808-B9D1-71DD-D63BFCB94D79}.Release|Any CPU.Build.0 = Release|Any CPU
		{C424B302-882E-A28E-0232-7E79EFB6C429}.Debug|Any CPU.ActiveCfg = Debug|Any CPU
		{C424B302-882E-A28E-0232-7E79EFB6C429}.Debug|Any CPU.Build.0 = Debug|Any CPU
		{C424B302-882E-A28E-0232-7E79EFB6C429}.Release|Any CPU.ActiveCfg = Release|Any CPU
		{C424B302-882E-A28E-0232-7E79EFB6C429}.Release|Any CPU.Build.0 = Release|Any CPU
		{BB19B338-5CAB-D537-8727-912AF70C4848}.Debug|Any CPU.ActiveCfg = Debug|Any CPU
		{BB19B338-5CAB-D537-8727-912AF70C4848}.Debug|Any CPU.Build.0 = Debug|Any CPU
		{BB19B338-5CAB-D537-8727-912AF70C4848}.Release|Any CPU.ActiveCfg = Release|Any CPU
		{BB19B338-5CAB-D537-8727-912AF70C4848}.Release|Any CPU.Build.0 = Release|Any CPU
	EndGlobalSection
	GlobalSection(SolutionProperties) = preSolution
		HideSolutionNode = FALSE
	EndGlobalSection
EndGlobal
